
Microsoft Visual Studio Solution File, Format Version 12.00
# Visual Studio Version 17
VisualStudioVersion = 17.13.35919.96
MinimumVisualStudioVersion = 10.0.40219.1
Project("{FAE04EC0-301F-11D3-BF4B-00C04F79EFBC}") = "ArgosWebPlayRoom", "ArgosWebPlayRoom\ArgosWebPlayRoom.csproj", "{59658741-CDE6-42C6-8C80-34BE04436FAD}"
EndProject
Global
	GlobalSection(SolutionConfigurationPlatforms) = preSolution
		Debug|Any CPU = Debug|Any CPU
		Release|Any CPU = Release|Any CPU
	EndGlobalSection
	GlobalSection(ProjectConfigurationPlatforms) = postSolution
		{59658741-CDE6-42C6-8C80-34BE04436FAD}.Debug|Any CPU.ActiveCfg = Debug|Any CPU
		{59658741-CDE6-42C6-8C80-34BE04436FAD}.Debug|Any CPU.Build.0 = Debug|Any CPU
		{59658741-CDE6-42C6-8C80-34BE04436FAD}.Release|Any CPU.ActiveCfg = Release|Any CPU
		{59658741-CDE6-42C6-8C80-34BE04436FAD}.Release|Any CPU.Build.0 = Release|Any CPU
	EndGlobalSection
	GlobalSection(SolutionProperties) = preSolution
		HideSolutionNode = FALSE
	EndGlobalSection
	GlobalSection(ExtensibilityGlobals) = postSolution
		SolutionGuid = {D2983453-47F9-4ED8-A628-5D7D2F0A4395}
	EndGlobalSection
EndGlobal
